// !$*UTF8*$!
{
	archiveVersion = 1;
	classes = {
	};
	objectVersion = 48;
	objects = {

/* Begin PBXBuildFile section */
		7E5DA3B01FFB3DE0002C131E /* AppDelegate.swift in Sources */ = {isa = PBXBuildFile; fileRef = 7E5DA3AF1FFB3DE0002C131E /* AppDelegate.swift */; };
		7E5DA3B21FFB3DE0002C131E /* ViewController.swift in Sources */ = {isa = PBXBuildFile; fileRef = 7E5DA3B11FFB3DE0002C131E /* ViewController.swift */; };
		7E5DA3B51FFB3DE0002C131E /* Main.storyboard in Resources */ = {isa = PBXBuildFile; fileRef = 7E5DA3B31FFB3DE0002C131E /* Main.storyboard */; };
		7E5DA3B71FFB3DE0002C131E /* Assets.xcassets in Resources */ = {isa = PBXBuildFile; fileRef = 7E5DA3B61FFB3DE0002C131E /* Assets.xcassets */; };
		7E5DA3BA1FFB3DE0002C131E /* LaunchScreen.storyboard in Resources */ = {isa = PBXBuildFile; fileRef = 7E5DA3B81FFB3DE0002C131E /* LaunchScreen.storyboard */; };
		7E5DA3C21FFB4065002C131E /* IntroStoryBoard.storyboard in Resources */ = {isa = PBXBuildFile; fileRef = 7E5DA3C11FFB4065002C131E /* IntroStoryBoard.storyboard */; };
		7E5DA3C41FFB4089002C131E /* ReportStoryBoard.storyboard in Resources */ = {isa = PBXBuildFile; fileRef = 7E5DA3C31FFB4089002C131E /* ReportStoryBoard.storyboard */; };
		7E5DA3C61FFB40B4002C131E /* UserSetting.storyboard in Resources */ = {isa = PBXBuildFile; fileRef = 7E5DA3C51FFB40B4002C131E /* UserSetting.storyboard */; };
		7E5DA3C81FFB40C7002C131E /* Receipt.storyboard in Resources */ = {isa = PBXBuildFile; fileRef = 7E5DA3C71FFB40C7002C131E /* Receipt.storyboard */; };
		7E5DA3CA1FFB40E1002C131E /* Register.storyboard in Resources */ = {isa = PBXBuildFile; fileRef = 7E5DA3C91FFB40E1002C131E /* Register.storyboard */; };
		ECD318E63465C3A08C06B560 /* Pods_MyReceiptUi.framework in Frameworks */ = {isa = PBXBuildFile; fileRef = A60A5044C60541F6496D0B28 /* Pods_MyReceiptUi.framework */; };
/* End PBXBuildFile section */

/* Begin PBXFileReference section */
		7E5DA3AC1FFB3DE0002C131E /* MyReceiptUi.app */ = {isa = PBXFileReference; explicitFileType = wrapper.application; includeInIndex = 0; path = MyReceiptUi.app; sourceTree = BUILT_PRODUCTS_DIR; };
		7E5DA3AF1FFB3DE0002C131E /* AppDelegate.swift */ = {isa = PBXFileReference; lastKnownFileType = sourcecode.swift; path = AppDelegate.swift; sourceTree = "<group>"; };
		7E5DA3B11FFB3DE0002C131E /* ViewController.swift */ = {isa = PBXFileReference; lastKnownFileType = sourcecode.swift; path = ViewController.swift; sourceTree = "<group>"; };
		7E5DA3B41FFB3DE0002C131E /* Base */ = {isa = PBXFileReference; lastKnownFileType = file.storyboard; name = Base; path = Base.lproj/Main.storyboard; sourceTree = "<group>"; };
		7E5DA3B61FFB3DE0002C131E /* Assets.xcassets */ = {isa = PBXFileReference; lastKnownFileType = folder.assetcatalog; path = Assets.xcassets; sourceTree = "<group>"; };
		7E5DA3B91FFB3DE0002C131E /* Base */ = {isa = PBXFileReference; lastKnownFileType = file.storyboard; name = Base; path = Base.lproj/LaunchScreen.storyboard; sourceTree = "<group>"; };
		7E5DA3BB1FFB3DE0002C131E /* Info.plist */ = {isa = PBXFileReference; lastKnownFileType = text.plist.xml; path = Info.plist; sourceTree = "<group>"; };
		7E5DA3C11FFB4065002C131E /* IntroStoryBoard.storyboard */ = {isa = PBXFileReference; lastKnownFileType = file.storyboard; path = IntroStoryBoard.storyboard; sourceTree = "<group>"; };
		7E5DA3C31FFB4089002C131E /* ReportStoryBoard.storyboard */ = {isa = PBXFileReference; lastKnownFileType = file.storyboard; path = ReportStoryBoard.storyboard; sourceTree = "<group>"; };
		7E5DA3C51FFB40B4002C131E /* UserSetting.storyboard */ = {isa = PBXFileReference; lastKnownFileType = file.storyboard; path = UserSetting.storyboard; sourceTree = "<group>"; };
		7E5DA3C71FFB40C7002C131E /* Receipt.storyboard */ = {isa = PBXFileReference; lastKnownFileType = file.storyboard; path = Receipt.storyboard; sourceTree = "<group>"; };
		7E5DA3C91FFB40E1002C131E /* Register.storyboard */ = {isa = PBXFileReference; lastKnownFileType = file.storyboard; path = Register.storyboard; sourceTree = "<group>"; };
		8947CC50BA5105C3617B94AE /* Pods-MyReceiptUi.debug.xcconfig */ = {isa = PBXFileReference; includeInIndex = 1; lastKnownFileType = text.xcconfig; name = "Pods-MyReceiptUi.debug.xcconfig"; path = "Pods/Target Support Files/Pods-MyReceiptUi/Pods-MyReceiptUi.debug.xcconfig"; sourceTree = "<group>"; };
		A60A5044C60541F6496D0B28 /* Pods_MyReceiptUi.framework */ = {isa = PBXFileReference; explicitFileType = wrapper.framework; includeInIndex = 0; path = Pods_MyReceiptUi.framework; sourceTree = BUILT_PRODUCTS_DIR; };
		FFF0BBCE3367E90254370E85 /* Pods-MyReceiptUi.release.xcconfig */ = {isa = PBXFileReference; includeInIndex = 1; lastKnownFileType = text.xcconfig; name = "Pods-MyReceiptUi.release.xcconfig"; path = "Pods/Target Support Files/Pods-MyReceiptUi/Pods-MyReceiptUi.release.xcconfig"; sourceTree = "<group>"; };
/* End PBXFileReference section */

/* Begin PBXFrameworksBuildPhase section */
		7E5DA3A91FFB3DE0002C131E /* Frameworks */ = {
			isa = PBXFrameworksBuildPhase;
			buildActionMask = 2147483647;
			files = (
				ECD318E63465C3A08C06B560 /* Pods_MyReceiptUi.framework in Frameworks */,
			);
			runOnlyForDeploymentPostprocessing = 0;
		};
/* End PBXFrameworksBuildPhase section */

/* Begin PBXGroup section */
		093718DF8AF248B11C6DF3F5 /* Pods */ = {
			isa = PBXGroup;
			children = (
				8947CC50BA5105C3617B94AE /* Pods-MyReceiptUi.debug.xcconfig */,
				FFF0BBCE3367E90254370E85 /* Pods-MyReceiptUi.release.xcconfig */,
			);
			name = Pods;
			sourceTree = "<group>";
		};
		7E047A951FFB69220017984D /* Application */ = {
			isa = PBXGroup;
			children = (
				7E5DA3AF1FFB3DE0002C131E /* AppDelegate.swift */,
			);
			path = Application;
			sourceTree = "<group>";
		};
		7E047A961FFB69660017984D /* Views */ = {
			isa = PBXGroup;
			children = (
				7E047A9D1FFB6A4D0017984D /* CustomView */,
				7E047A9C1FFB6A370017984D /* StoryBoard */,
			);
			path = Views;
			sourceTree = "<group>";
		};
		7E047A971FFB69A90017984D /* Controllers */ = {
			isa = PBXGroup;
			children = (
				7E5DA3B11FFB3DE0002C131E /* ViewController.swift */,
			);
			path = Controllers;
			sourceTree = "<group>";
		};
		7E047A981FFB69B90017984D /* Resources */ = {
			isa = PBXGroup;
			children = (
				7E5DA3B61FFB3DE0002C131E /* Assets.xcassets */,
			);
			path = Resources;
			sourceTree = "<group>";
		};
		7E047A991FFB69D30017984D /* Services */ = {
			isa = PBXGroup;
			children = (
			);
			path = Services;
			sourceTree = "<group>";
		};
		7E047A9A1FFB69E10017984D /* Models */ = {
			isa = PBXGroup;
			children = (
			);
			path = Models;
			sourceTree = "<group>";
		};
		7E047A9B1FFB69ED0017984D /* Presenters */ = {
			isa = PBXGroup;
			children = (
			);
			path = Presenters;
			sourceTree = "<group>";
		};
		7E047A9C1FFB6A370017984D /* StoryBoard */ = {
			isa = PBXGroup;
			children = (
				7E5DA3B81FFB3DE0002C131E /* LaunchScreen.storyboard */,
				7E5DA3B31FFB3DE0002C131E /* Main.storyboard */,
				7E5DA3C31FFB4089002C131E /* ReportStoryBoard.storyboard */,
				7E5DA3C51FFB40B4002C131E /* UserSetting.storyboard */,
				7E5DA3C71FFB40C7002C131E /* Receipt.storyboard */,
				7E5DA3C11FFB4065002C131E /* IntroStoryBoard.storyboard */,
				7E5DA3C91FFB40E1002C131E /* Register.storyboard */,
			);
			path = StoryBoard;
			sourceTree = "<group>";
		};
		7E047A9D1FFB6A4D0017984D /* CustomView */ = {
			isa = PBXGroup;
			children = (
			);
			path = CustomView;
			sourceTree = "<group>";
		};
		7E5DA3A31FFB3DE0002C131E = {
			isa = PBXGroup;
			children = (
				7E5DA3AE1FFB3DE0002C131E /* MyReceiptUi */,
				7E5DA3AD1FFB3DE0002C131E /* Products */,
				093718DF8AF248B11C6DF3F5 /* Pods */,
				B7628701C5B64763A5FC512A /* Frameworks */,
			);
			sourceTree = "<group>";
		};
		7E5DA3AD1FFB3DE0002C131E /* Products */ = {
			isa = PBXGroup;
			children = (
				7E5DA3AC1FFB3DE0002C131E /* MyReceiptUi.app */,
			);
			name = Products;
			sourceTree = "<group>";
		};
		7E5DA3AE1FFB3DE0002C131E /* MyReceiptUi */ = {
			isa = PBXGroup;
			children = (
				7E047A9B1FFB69ED0017984D /* Presenters */,
				7E047A9A1FFB69E10017984D /* Models */,
				7E047A991FFB69D30017984D /* Services */,
				7E047A951FFB69220017984D /* Application */,
				7E047A971FFB69A90017984D /* Controllers */,
				7E047A961FFB69660017984D /* Views */,
				7E047A981FFB69B90017984D /* Resources */,
				7E5DA3BB1FFB3DE0002C131E /* Info.plist */,
			);
			path = MyReceiptUi;
			sourceTree = "<group>";
		};
		B7628701C5B64763A5FC512A /* Frameworks */ = {
			isa = PBXGroup;
			children = (
				A60A5044C60541F6496D0B28 /* Pods_MyReceiptUi.framework */,
			);
			name = Frameworks;
			sourceTree = "<group>";
		};
/* End PBXGroup section */

/* Begin PBXNativeTarget section */
		7E5DA3AB1FFB3DE0002C131E /* MyReceiptUi */ = {
			isa = PBXNativeTarget;
			buildConfigurationList = 7E5DA3BE1FFB3DE0002C131E /* Build configuration list for PBXNativeTarget "MyReceiptUi" */;
			buildPhases = (
				8E6469CD741CD9C72458C976 /* [CP] Check Pods Manifest.lock */,
				7E5DA3A81FFB3DE0002C131E /* Sources */,
				7E5DA3A91FFB3DE0002C131E /* Frameworks */,
				7E5DA3AA1FFB3DE0002C131E /* Resources */,
				3C7B49E487F6EA794E89D7CE /* [CP] Embed Pods Frameworks */,
				72D5CF9708324F4865409B7F /* [CP] Copy Pods Resources */,
			);
			buildRules = (
			);
			dependencies = (
			);
			name = MyReceiptUi;
			productName = MyReceiptUi;
			productReference = 7E5DA3AC1FFB3DE0002C131E /* MyReceiptUi.app */;
			productType = "com.apple.product-type.application";
		};
/* End PBXNativeTarget section */

/* Begin PBXProject section */
		7E5DA3A41FFB3DE0002C131E /* Project object */ = {
			isa = PBXProject;
			attributes = {
				LastSwiftUpdateCheck = 0920;
				LastUpgradeCheck = 0920;
				ORGANIZATIONNAME = Reksmey;
				TargetAttributes = {
					7E5DA3AB1FFB3DE0002C131E = {
						CreatedOnToolsVersion = 9.2;
						ProvisioningStyle = Automatic;
					};
				};
			};
			buildConfigurationList = 7E5DA3A71FFB3DE0002C131E /* Build configuration list for PBXProject "MyReceiptUi" */;
			compatibilityVersion = "Xcode 8.0";
			developmentRegion = en;
			hasScannedForEncodings = 0;
			knownRegions = (
				en,
				Base,
			);
			mainGroup = 7E5DA3A31FFB3DE0002C131E;
			productRefGroup = 7E5DA3AD1FFB3DE0002C131E /* Products */;
			projectDirPath = "";
			projectRoot = "";
			targets = (
				7E5DA3AB1FFB3DE0002C131E /* MyReceiptUi */,
			);
		};
/* End PBXProject section */

/* Begin PBXResourcesBuildPhase section */
		7E5DA3AA1FFB3DE0002C131E /* Resources */ = {
			isa = PBXResourcesBuildPhase;
			buildActionMask = 2147483647;
			files = (
				7E5DA3C41FFB4089002C131E /* ReportStoryBoard.storyboard in Resources */,
				7E5DA3C81FFB40C7002C131E /* Receipt.storyboard in Resources */,
				7E5DA3BA1FFB3DE0002C131E /* LaunchScreen.storyboard in Resources */,
				7E5DA3B71FFB3DE0002C131E /* Assets.xcassets in Resources */,
				7E5DA3C21FFB4065002C131E /* IntroStoryBoard.storyboard in Resources */,
				7E5DA3C61FFB40B4002C131E /* UserSetting.storyboard in Resources */,
				7E5DA3B51FFB3DE0002C131E /* Main.storyboard in Resources */,
				7E5DA3CA1FFB40E1002C131E /* Register.storyboard in Resources */,
			);
			runOnlyForDeploymentPostprocessing = 0;
		};
/* End PBXResourcesBuildPhase section */

/* Begin PBXShellScriptBuildPhase section */
		3C7B49E487F6EA794E89D7CE /* [CP] Embed Pods Frameworks */ = {
			isa = PBXShellScriptBuildPhase;
			buildActionMask = 2147483647;
			files = (
			);
			inputPaths = (
				"${SRCROOT}/Pods/Target Support Files/Pods-MyReceiptUi/Pods-MyReceiptUi-frameworks.sh",
				"${BUILT_PRODUCTS_DIR}/Alamofire/Alamofire.framework",
				"${BUILT_PRODUCTS_DIR}/Charts/Charts.framework",
				"${BUILT_PRODUCTS_DIR}/ESTabBarController-swift/ESTabBarController_swift.framework",
				"${BUILT_PRODUCTS_DIR}/Kingfisher/Kingfisher.framework",
				"${BUILT_PRODUCTS_DIR}/ObjectMapper/ObjectMapper.framework",
				"${BUILT_PRODUCTS_DIR}/Realm/Realm.framework",
				"${BUILT_PRODUCTS_DIR}/RealmSwift/RealmSwift.framework",
			);
			name = "[CP] Embed Pods Frameworks";
			outputPaths = (
				"${TARGET_BUILD_DIR}/${FRAMEWORKS_FOLDER_PATH}/Alamofire.framework",
				"${TARGET_BUILD_DIR}/${FRAMEWORKS_FOLDER_PATH}/Charts.framework",
				"${TARGET_BUILD_DIR}/${FRAMEWORKS_FOLDER_PATH}/ESTabBarController_swift.framework",
				"${TARGET_BUILD_DIR}/${FRAMEWORKS_FOLDER_PATH}/Kingfisher.framework",
				"${TARGET_BUILD_DIR}/${FRAMEWORKS_FOLDER_PATH}/ObjectMapper.framework",
				"${TARGET_BUILD_DIR}/${FRAMEWORKS_FOLDER_PATH}/Realm.framework",
				"${TARGET_BUILD_DIR}/${FRAMEWORKS_FOLDER_PATH}/RealmSwift.framework",
			);
			runOnlyForDeploymentPostprocessing = 0;
			shellPath = /bin/sh;
			shellScript = "\"${SRCROOT}/Pods/Target Support Files/Pods-MyReceiptUi/Pods-MyReceiptUi-frameworks.sh\"\n";
			showEnvVarsInLog = 0;
		};
		72D5CF9708324F4865409B7F /* [CP] Copy Pods Resources */ = {
			isa = PBXShellScriptBuildPhase;
			buildActionMask = 2147483647;
			files = (
			);
			inputPaths = (
			);
			name = "[CP] Copy Pods Resources";
			outputPaths = (
			);
			runOnlyForDeploymentPostprocessing = 0;
			shellPath = /bin/sh;
			shellScript = "\"${SRCROOT}/Pods/Target Support Files/Pods-MyReceiptUi/Pods-MyReceiptUi-resources.sh\"\n";
			showEnvVarsInLog = 0;
		};
		8E6469CD741CD9C72458C976 /* [CP] Check Pods Manifest.lock */ = {
			isa = PBXShellScriptBuildPhase;
			buildActionMask = 2147483647;
			files = (
			);
			inputPaths = (
				"${PODS_PODFILE_DIR_PATH}/Podfile.lock",
				"${PODS_ROOT}/Manifest.lock",
			);
			name = "[CP] Check Pods Manifest.lock";
			outputPaths = (
				"$(DERIVED_FILE_DIR)/Pods-MyReceiptUi-checkManifestLockResult.txt",
			);
			runOnlyForDeploymentPostprocessing = 0;
			shellPath = /bin/sh;
			shellScript = "diff \"${PODS_PODFILE_DIR_PATH}/Podfile.lock\" \"${PODS_ROOT}/Manifest.lock\" > /dev/null\nif [ $? != 0 ] ; then\n    # print error to STDERR\n    echo \"error: The sandbox is not in sync with the Podfile.lock. Run 'pod install' or update your CocoaPods installation.\" >&2\n    exit 1\nfi\n# This output is used by Xcode 'outputs' to avoid re-running this script phase.\necho \"SUCCESS\" > \"${SCRIPT_OUTPUT_FILE_0}\"\n";
			showEnvVarsInLog = 0;
		};
/* End PBXShellScriptBuildPhase section */

/* Begin PBXSourcesBuildPhase section */
		7E5DA3A81FFB3DE0002C131E /* Sources */ = {
			isa = PBXSourcesBuildPhase;
			buildActionMask = 2147483647;
			files = (
				7E5DA3B21FFB3DE0002C131E /* ViewController.swift in Sources */,
				7E5DA3B01FFB3DE0002C131E /* AppDelegate.swift in Sources */,
			);
			runOnlyForDeploymentPostprocessing = 0;
		};
/* End PBXSourcesBuildPhase section */

/* Begin PBXVariantGroup section */
		7E5DA3B31FFB3DE0002C131E /* Main.storyboard */ = {
			isa = PBXVariantGroup;
			children = (
				7E5DA3B41FFB3DE0002C131E /* Base */,
			);
			name = Main.storyboard;
			sourceTree = "<group>";
		};
		7E5DA3B81FFB3DE0002C131E /* LaunchScreen.storyboard */ = {
			isa = PBXVariantGroup;
			children = (
				7E5DA3B91FFB3DE0002C131E /* Base */,
			);
			name = LaunchScreen.storyboard;
			sourceTree = "<group>";
		};
/* End PBXVariantGroup section */

/* Begin XCBuildConfiguration section */
		7E5DA3BC1FFB3DE0002C131E /* Debug */ = {
			isa = XCBuildConfiguration;
			buildSettings = {
				ALWAYS_SEARCH_USER_PATHS = NO;
				CLANG_ANALYZER_NONNULL = YES;
				CLANG_ANALYZER_NUMBER_OBJECT_CONVERSION = YES_AGGRESSIVE;
				CLANG_CXX_LANGUAGE_STANDARD = "gnu++14";
				CLANG_CXX_LIBRARY = "libc++";
				CLANG_ENABLE_MODULES = YES;
				CLANG_ENABLE_OBJC_ARC = YES;
				CLANG_WARN_BLOCK_CAPTURE_AUTORELEASING = YES;
				CLANG_WARN_BOOL_CONVERSION = YES;
				CLANG_WARN_COMMA = YES;
				CLANG_WARN_CONSTANT_CONVERSION = YES;
				CLANG_WARN_DIRECT_OBJC_ISA_USAGE = YES_ERROR;
				CLANG_WARN_DOCUMENTATION_COMMENTS = YES;
				CLANG_WARN_EMPTY_BODY = YES;
				CLANG_WARN_ENUM_CONVERSION = YES;
				CLANG_WARN_INFINITE_RECURSION = YES;
				CLANG_WARN_INT_CONVERSION = YES;
				CLANG_WARN_NON_LITERAL_NULL_CONVERSION = YES;
				CLANG_WARN_OBJC_LITERAL_CONVERSION = YES;
				CLANG_WARN_OBJC_ROOT_CLASS = YES_ERROR;
				CLANG_WARN_RANGE_LOOP_ANALYSIS = YES;
				CLANG_WARN_STRICT_PROTOTYPES = YES;
				CLANG_WARN_SUSPICIOUS_MOVE = YES;
				CLANG_WARN_UNGUARDED_AVAILABILITY = YES_AGGRESSIVE;
				CLANG_WARN_UNREACHABLE_CODE = YES;
				CLANG_WARN__DUPLICATE_METHOD_MATCH = YES;
				CODE_SIGN_IDENTITY = "iPhone Developer";
				COPY_PHASE_STRIP = NO;
				DEBUG_INFORMATION_FORMAT = dwarf;
				ENABLE_STRICT_OBJC_MSGSEND = YES;
				ENABLE_TESTABILITY = YES;
				GCC_C_LANGUAGE_STANDARD = gnu11;
				GCC_DYNAMIC_NO_PIC = NO;
				GCC_NO_COMMON_BLOCKS = YES;
				GCC_OPTIMIZATION_LEVEL = 0;
				GCC_PREPROCESSOR_DEFINITIONS = (
					"DEBUG=1",
					"$(inherited)",
				);
				GCC_WARN_64_TO_32_BIT_CONVERSION = YES;
				GCC_WARN_ABOUT_RETURN_TYPE = YES_ERROR;
				GCC_WARN_UNDECLARED_SELECTOR = YES;
				GCC_WARN_UNINITIALIZED_AUTOS = YES_AGGRESSIVE;
				GCC_WARN_UNUSED_FUNCTION = YES;
				GCC_WARN_UNUSED_VARIABLE = YES;
				IPHONEOS_DEPLOYMENT_TARGET = 11.2;
				MTL_ENABLE_DEBUG_INFO = YES;
				ONLY_ACTIVE_ARCH = YES;
				SDKROOT = iphoneos;
				SWIFT_ACTIVE_COMPILATION_CONDITIONS = DEBUG;
				SWIFT_OPTIMIZATION_LEVEL = "-Onone";
			};
			name = Debug;
		};
		7E5DA3BD1FFB3DE0002C131E /* Release */ = {
			isa = XCBuildConfiguration;
			buildSettings = {
				ALWAYS_SEARCH_USER_PATHS = NO;
				CLANG_ANALYZER_NONNULL = YES;
				CLANG_ANALYZER_NUMBER_OBJECT_CONVERSION = YES_AGGRESSIVE;
				CLANG_CXX_LANGUAGE_STANDARD = "gnu++14";
				CLANG_CXX_LIBRARY = "libc++";
				CLANG_ENABLE_MODULES = YES;
				CLANG_ENABLE_OBJC_ARC = YES;
				CLANG_WARN_BLOCK_CAPTURE_AUTORELEASING = YES;
				CLANG_WARN_BOOL_CONVERSION = YES;
				CLANG_WARN_COMMA = YES;
				CLANG_WARN_CONSTANT_CONVERSION = YES;
				CLANG_WARN_DIRECT_OBJC_ISA_USAGE = YES_ERROR;
				CLANG_WARN_DOCUMENTATION_COMMENTS = YES;
				CLANG_WARN_EMPTY_BODY = YES;
				CLANG_WARN_ENUM_CONVERSION = YES;
				CLANG_WARN_INFINITE_RECURSION = YES;
				CLANG_WARN_INT_CONVERSION = YES;
				CLANG_WARN_NON_LITERAL_NULL_CONVERSION = YES;
				CLANG_WARN_OBJC_LITERAL_CONVERSION = YES;
				CLANG_WARN_OBJC_ROOT_CLASS = YES_ERROR;
				CLANG_WARN_RANGE_LOOP_ANALYSIS = YES;
				CLANG_WARN_STRICT_PROTOTYPES = YES;
				CLANG_WARN_SUSPICIOUS_MOVE = YES;
				CLANG_WARN_UNGUARDED_AVAILABILITY = YES_AGGRESSIVE;
				CLANG_WARN_UNREACHABLE_CODE = YES;
				CLANG_WARN__DUPLICATE_METHOD_MATCH = YES;
				CODE_SIGN_IDENTITY = "iPhone Developer";
				COPY_PHASE_STRIP = NO;
				DEBUG_INFORMATION_FORMAT = "dwarf-with-dsym";
				ENABLE_NS_ASSERTIONS = NO;
				ENABLE_STRICT_OBJC_MSGSEND = YES;
				GCC_C_LANGUAGE_STANDARD = gnu11;
				GCC_NO_COMMON_BLOCKS = YES;
				GCC_WARN_64_TO_32_BIT_CONVERSION = YES;
				GCC_WARN_ABOUT_RETURN_TYPE = YES_ERROR;
				GCC_WARN_UNDECLARED_SELECTOR = YES;
				GCC_WARN_UNINITIALIZED_AUTOS = YES_AGGRESSIVE;
				GCC_WARN_UNUSED_FUNCTION = YES;
				GCC_WARN_UNUSED_VARIABLE = YES;
				IPHONEOS_DEPLOYMENT_TARGET = 11.2;
				MTL_ENABLE_DEBUG_INFO = NO;
				SDKROOT = iphoneos;
				SWIFT_OPTIMIZATION_LEVEL = "-Owholemodule";
				VALIDATE_PRODUCT = YES;
			};
			name = Release;
		};
		7E5DA3BF1FFB3DE0002C131E /* Debug */ = {
			isa = XCBuildConfiguration;
			baseConfigurationReference = 8947CC50BA5105C3617B94AE /* Pods-MyReceiptUi.debug.xcconfig */;
			buildSettings = {
				ASSETCATALOG_COMPILER_APPICON_NAME = AppIcon;
				CODE_SIGN_STYLE = Automatic;
				INFOPLIST_FILE = MyReceiptUi/Info.plist;
				LD_RUNPATH_SEARCH_PATHS = "$(inherited) @executable_path/Frameworks";
				PRODUCT_BUNDLE_IDENTIFIER = com.iOSTeam.MyReceiptUi;
				PRODUCT_NAME = "$(TARGET_NAME)";
				SWIFT_VERSION = 4.0;
				TARGETED_DEVICE_FAMILY = "1,2";
			};
			name = Debug;
		};
		7E5DA3C01FFB3DE0002C131E /* Release */ = {
			isa = XCBuildConfiguration;
			baseConfigurationReference = FFF0BBCE3367E90254370E85 /* Pods-MyReceiptUi.release.xcconfig */;
			buildSettings = {
				ASSETCATALOG_COMPILER_APPICON_NAME = AppIcon;
				CODE_SIGN_STYLE = Automatic;
				INFOPLIST_FILE = MyReceiptUi/Info.plist;
				LD_RUNPATH_SEARCH_PATHS = "$(inherited) @executable_path/Frameworks";
				PRODUCT_BUNDLE_IDENTIFIER = com.iOSTeam.MyReceiptUi;
				PRODUCT_NAME = "$(TARGET_NAME)";
				SWIFT_VERSION = 4.0;
				TARGETED_DEVICE_FAMILY = "1,2";
			};
			name = Release;
		};
/* End XCBuildConfiguration section */

/* Begin XCConfigurationList section */
		7E5DA3A71FFB3DE0002C131E /* Build configuration list for PBXProject "MyReceiptUi" */ = {
			isa = XCConfigurationList;
			buildConfigurations = (
				7E5DA3BC1FFB3DE0002C131E /* Debug */,
				7E5DA3BD1FFB3DE0002C131E /* Release */,
			);
			defaultConfigurationIsVisible = 0;
			defaultConfigurationName = Release;
		};
		7E5DA3BE1FFB3DE0002C131E /* Build configuration list for PBXNativeTarget "MyReceiptUi" */ = {
			isa = XCConfigurationList;
			buildConfigurations = (
				7E5DA3BF1FFB3DE0002C131E /* Debug */,
				7E5DA3C01FFB3DE0002C131E /* Release */,
			);
			defaultConfigurationIsVisible = 0;
			defaultConfigurationName = Release;
		};
/* End XCConfigurationList section */
	};
	rootObject = 7E5DA3A41FFB3DE0002C131E /* Project object */;
}
